<?xml version="1.0" encoding="utf-8"?>
<Project ToolsVersion="4.0" xmlns="http://schemas.microsoft.com/developer/msbuild/2003">
  <ItemGroup>
    <Filter Include="源文件">
      <UniqueIdentifier>{4FC737F1-C7A5-4376-A066-2A32D752A2FF}</UniqueIdentifier>
      <Extensions>cpp;c;cc;cxx;c++;cppm;ixx;def;odl;idl;hpj;bat;asm;asmx</Extensions>
    </Filter>
    <Filter Include="头文件">
      <UniqueIdentifier>{93995380-89BD-4b04-88EB-625FBE52EBFB}</UniqueIdentifier>
      <Extensions>h;hh;hpp;hxx;h++;hm;inl;inc;ipp;xsd</Extensions>
    </Filter>
    <Filter Include="资源文件">
      <UniqueIdentifier>{67DA6AB6-F800-4c08-8B7A-83BB121AAD01}</UniqueIdentifier>
      <Extensions>rc;ico;cur;bmp;dlg;rc2;rct;bin;rgs;gif;jpg;jpeg;jpe;resx;tiff;tif;png;wav;mfcribbon-ms</Extensions>
    </Filter>
    <Filter Include="头文件\manager">
      <UniqueIdentifier>{fd63b378-01cf-4f31-8b55-ec057771fadd}</UniqueIdentifier>
    </Filter>
    <Filter Include="源文件\manager">
      <UniqueIdentifier>{fe74e616-a539-4a97-8eb7-1537c7e6d0de}</UniqueIdentifier>
    </Filter>
    <Filter Include="头文件\resource">
      <UniqueIdentifier>{d3e44b92-4185-4241-8f39-c03d73e62e8f}</UniqueIdentifier>
    </Filter>
    <Filter Include="头文件\tool">
      <UniqueIdentifier>{5d5f1813-2ec3-4779-8f62-dcd0e9eb6809}</UniqueIdentifier>
    </Filter>
    <Filter Include="头文件\collision">
      <UniqueIdentifier>{41689248-1606-4c3e-aeb0-441854e8bf15}</UniqueIdentifier>
    </Filter>
    <Filter Include="头文件\scene">
      <UniqueIdentifier>{21d2e3d3-0f9b-4844-95a2-6d8cbd042708}</UniqueIdentifier>
    </Filter>
    <Filter Include="头文件\entity">
      <UniqueIdentifier>{4473f82b-2ceb-4d14-b5c4-2367626f3b19}</UniqueIdentifier>
    </Filter>
    <Filter Include="头文件\entity\custom">
      <UniqueIdentifier>{0dd36a60-795f-406c-9421-9f67d406e026}</UniqueIdentifier>
    </Filter>
    <Filter Include="源文件\entity">
      <UniqueIdentifier>{fdc22725-f848-49e0-9aeb-3355e564daa5}</UniqueIdentifier>
    </Filter>
    <Filter Include="源文件\entity\custom">
      <UniqueIdentifier>{dbd61086-0341-44f5-8e51-4eb49d23465c}</UniqueIdentifier>
    </Filter>
    <Filter Include="头文件\ui">
      <UniqueIdentifier>{cda44d16-b011-46ef-a82a-c608978a00c4}</UniqueIdentifier>
    </Filter>
    <Filter Include="头文件\ui\custom">
      <UniqueIdentifier>{dea7cdd1-a25b-4452-b088-7b596c987f0e}</UniqueIdentifier>
    </Filter>
    <Filter Include="头文件\entity\player">
      <UniqueIdentifier>{ccd771ba-0100-4274-9d50-4380a34bfec4}</UniqueIdentifier>
    </Filter>
    <Filter Include="源文件\entity\player">
      <UniqueIdentifier>{6a6a631b-20bd-432e-8392-546b843c2e9f}</UniqueIdentifier>
    </Filter>
    <Filter Include="头文件\entity\player\custom">
      <UniqueIdentifier>{c8e4f392-d6ba-4d01-848d-c7b227fb7090}</UniqueIdentifier>
    </Filter>
    <Filter Include="源文件\entity\player\custom">
      <UniqueIdentifier>{9ec40a24-6253-4380-8ae4-33f109dab06e}</UniqueIdentifier>
    </Filter>
    <Filter Include="源文件\scene">
      <UniqueIdentifier>{67b3e4f8-5416-4dd1-a5ff-50c9dd58ee81}</UniqueIdentifier>
    </Filter>
    <Filter Include="头文件\scene\custom">
      <UniqueIdentifier>{6faf4c43-3275-4419-9757-35fb7e7e521f}</UniqueIdentifier>
    </Filter>
    <Filter Include="源文件\scene\custom">
      <UniqueIdentifier>{d355d780-30b5-44c2-9ee7-cdb77dff9aa7}</UniqueIdentifier>
    </Filter>
    <Filter Include="源文件\tool">
      <UniqueIdentifier>{fa975df8-5fe6-4d49-90ff-056cea6f88e2}</UniqueIdentifier>
    </Filter>
  </ItemGroup>
  <ItemGroup>
    <ClCompile Include="main.cpp">
      <Filter>源文件</Filter>
    </ClCompile>
    <ClCompile Include="scene\custom\game_scene.cpp">
      <Filter>源文件\scene\custom</Filter>
    </ClCompile>
    <ClCompile Include="manager\collision_manager.cpp">
      <Filter>源文件\manager</Filter>
    </ClCompile>
    <ClCompile Include="manager\resources_manager.cpp">
      <Filter>源文件\manager</Filter>
    </ClCompile>
    <ClCompile Include="manager\scene_manager.cpp">
      <Filter>源文件\manager</Filter>
    </ClCompile>
    <ClCompile Include="entity\entity.cpp">
      <Filter>源文件\entity</Filter>
    </ClCompile>
    <ClCompile Include="entity\player\player.cpp">
      <Filter>源文件\entity\player</Filter>
    </ClCompile>
    <ClCompile Include="entity\player\custom\normal_snake.cpp">
      <Filter>源文件\entity\player\custom</Filter>
    </ClCompile>
    <ClCompile Include="scene\custom\double_player_game_scene.cpp">
      <Filter>源文件\scene\custom</Filter>
    </ClCompile>
    <ClCompile Include="entity\player\custom\normal_snake_p2.cpp">
      <Filter>源文件\entity\player\custom</Filter>
    </ClCompile>
    <ClCompile Include="tool\settings.cpp">
      <Filter>源文件\tool</Filter>
    </ClCompile>
    <ClCompile Include="tool\snake_type_handle.cpp">
      <Filter>源文件\tool</Filter>
    </ClCompile>
    <ClCompile Include="entity\player\custom\speed_snake.cpp">
      <Filter>源文件\entity\player\custom</Filter>
    </ClCompile>
  </ItemGroup>
  <ItemGroup>
    <ClInclude Include="ui\custom\button.h">
      <Filter>头文件\ui\custom</Filter>
    </ClInclude>
    <ClInclude Include="ui\ui.h">
      <Filter>头文件\ui</Filter>
    </ClInclude>
    <ClInclude Include="tool\timer.h">
      <Filter>头文件\tool</Filter>
    </ClInclude>
    <ClInclude Include="tool\util.h">
      <Filter>头文件\tool</Filter>
    </ClInclude>
    <ClInclude Include="tool\vector2.h">
      <Filter>头文件\tool</Filter>
    </ClInclude>
    <ClInclude Include="scene\scene.h">
      <Filter>头文件\scene</Filter>
    </ClInclude>
    <ClInclude Include="scene\custom\menu_scene.h">
      <Filter>头文件\scene\custom</Filter>
    </ClInclude>
    <ClInclude Include="scene\custom\start_scene.h">
      <Filter>头文件\scene\custom</Filter>
    </ClInclude>
    <ClInclude Include="scene\custom\game_scene.h">
      <Filter>头文件\scene\custom</Filter>
    </ClInclude>
    <ClInclude Include="resource\animation.h">
      <Filter>头文件\resource</Filter>
    </ClInclude>
    <ClInclude Include="resource\atlas.h">
      <Filter>头文件\resource</Filter>
    </ClInclude>
    <ClInclude Include="manager\collision_manager.h">
      <Filter>头文件\manager</Filter>
    </ClInclude>
    <ClInclude Include="manager\resources_manager.h">
      <Filter>头文件\manager</Filter>
    </ClInclude>
    <ClInclude Include="manager\scene_manager.h">
      <Filter>头文件\manager</Filter>
    </ClInclude>
    <ClInclude Include="entity\custom\aerolite.h">
      <Filter>头文件\entity\custom</Filter>
    </ClInclude>
    <ClInclude Include="entity\custom\big_grass.h">
      <Filter>头文件\entity\custom</Filter>
    </ClInclude>
    <ClInclude Include="entity\custom\little_grass.h">
      <Filter>头文件\entity\custom</Filter>
    </ClInclude>
    <ClInclude Include="entity\custom\mushroom.h">
      <Filter>头文件\entity\custom</Filter>
    </ClInclude>
    <ClInclude Include="entity\custom\red_flower.h">
      <Filter>头文件\entity\custom</Filter>
    </ClInclude>
    <ClInclude Include="entity\custom\rock.h">
      <Filter>头文件\entity\custom</Filter>
    </ClInclude>
    <ClInclude Include="entity\custom\white_flower.h">
      <Filter>头文件\entity\custom</Filter>
    </ClInclude>
    <ClInclude Include="entity\custom\yellow_flower.h">
      <Filter>头文件\entity\custom</Filter>
    </ClInclude>
    <ClInclude Include="entity\entity.h">
      <Filter>头文件\entity</Filter>
    </ClInclude>
    <ClInclude Include="entity\player\player.h">
      <Filter>头文件\entity\player</Filter>
    </ClInclude>
    <ClInclude Include="entity\player\custom\normal_snake.h">
      <Filter>头文件\entity\player\custom</Filter>
    </ClInclude>
    <ClInclude Include="collision\collision_box.h">
      <Filter>头文件\collision</Filter>
    </ClInclude>
    <ClInclude Include="collision\collision_layer.h">
      <Filter>头文件\collision</Filter>
    </ClInclude>
    <ClInclude Include="tool\camera.h">
      <Filter>头文件\tool</Filter>
    </ClInclude>
    <ClInclude Include="resource.h">
      <Filter>头文件</Filter>
    </ClInclude>
    <ClInclude Include="resource1.h">
      <Filter>头文件</Filter>
    </ClInclude>
    <ClInclude Include="resource2.h">
      <Filter>头文件</Filter>
    </ClInclude>
    <ClInclude Include="scene\custom\double_player_game_scene.h">
      <Filter>头文件\scene\custom</Filter>
    </ClInclude>
    <ClInclude Include="entity\player\custom\normal_snake_p2.h">
      <Filter>头文件\entity\player\custom</Filter>
    </ClInclude>
    <ClInclude Include="tool\text_handle.h">
      <Filter>头文件\tool</Filter>
    </ClInclude>
    <ClInclude Include="scene\custom\settings_scene.h">
      <Filter>头文件\scene\custom</Filter>
    </ClInclude>
    <ClInclude Include="tool\settings.h">
      <Filter>头文件\tool</Filter>
    </ClInclude>
    <ClInclude Include="tool\snake_type_handle.h">
      <Filter>头文件\tool</Filter>
    </ClInclude>
    <ClInclude Include="entity\player\custom\speed_snake.h">
      <Filter>头文件\entity\player\custom</Filter>
    </ClInclude>
  </ItemGroup>
  <ItemGroup>
    <ResourceCompile Include="never_stop_snake.rc">
      <Filter>资源文件</Filter>
    </ResourceCompile>
  </ItemGroup>
  <ItemGroup>
    <Image Include="res\assets\icon.ico">
      <Filter>资源文件</Filter>
    </Image>
  </ItemGroup>
</Project>